// !$*UTF8*$!
{
	archiveVersion = 1;
	classes = {
	};
	objectVersion = 48;
	objects = {

/* Begin PBXBuildFile section */
		88BCAB87204EE4D000FE8578 /* Alamofire.framework in Frameworks */ = {isa = PBXBuildFile; fileRef = 88BCAB7A204EE4C300FE8578 /* Alamofire.framework */; };
		88BCAB88204EE4D000FE8578 /* Alamofire.framework in Embed Frameworks */ = {isa = PBXBuildFile; fileRef = 88BCAB7A204EE4C300FE8578 /* Alamofire.framework */; settings = {ATTRIBUTES = (CodeSignOnCopy, RemoveHeadersOnCopy, ); }; };
		88BCAB8F204FCB5700FE8578 /* WebService.swift in Sources */ = {isa = PBXBuildFile; fileRef = 88BCAB8E204FCB5700FE8578 /* WebService.swift */; };
		88D1F51E204ED0A00020F129 /* AppDelegate.swift in Sources */ = {isa = PBXBuildFile; fileRef = 88D1F51D204ED0A00020F129 /* AppDelegate.swift */; };
		88D1F520204ED0A00020F129 /* ViewController.swift in Sources */ = {isa = PBXBuildFile; fileRef = 88D1F51F204ED0A00020F129 /* ViewController.swift */; };
		88D1F523204ED0A00020F129 /* Main.storyboard in Resources */ = {isa = PBXBuildFile; fileRef = 88D1F521204ED0A00020F129 /* Main.storyboard */; };
		88D1F525204ED0A00020F129 /* Assets.xcassets in Resources */ = {isa = PBXBuildFile; fileRef = 88D1F524204ED0A00020F129 /* Assets.xcassets */; };
		88D1F528204ED0A00020F129 /* LaunchScreen.storyboard in Resources */ = {isa = PBXBuildFile; fileRef = 88D1F526204ED0A00020F129 /* LaunchScreen.storyboard */; };
		88D1F531204ED67F0020F129 /* CurrencyModel.swift in Sources */ = {isa = PBXBuildFile; fileRef = 88D1F530204ED67F0020F129 /* CurrencyModel.swift */; };
/* End PBXBuildFile section */

/* Begin PBXContainerItemProxy section */
		88BCAB79204EE4C300FE8578 /* PBXContainerItemProxy */ = {
			isa = PBXContainerItemProxy;
			containerPortal = 88BCAB6E204EE4C300FE8578 /* Alamofire.xcodeproj */;
			proxyType = 2;
			remoteGlobalIDString = F8111E3319A95C8B0040E7D1;
			remoteInfo = "Alamofire iOS";
		};
		88BCAB7B204EE4C300FE8578 /* PBXContainerItemProxy */ = {
			isa = PBXContainerItemProxy;
			containerPortal = 88BCAB6E204EE4C300FE8578 /* Alamofire.xcodeproj */;
			proxyType = 2;
			remoteGlobalIDString = F8111E3E19A95C8B0040E7D1;
			remoteInfo = "Alamofire iOS Tests";
		};
		88BCAB7D204EE4C300FE8578 /* PBXContainerItemProxy */ = {
			isa = PBXContainerItemProxy;
			containerPortal = 88BCAB6E204EE4C300FE8578 /* Alamofire.xcodeproj */;
			proxyType = 2;
			remoteGlobalIDString = 4DD67C0B1A5C55C900ED2280;
			remoteInfo = "Alamofire macOS";
		};
		88BCAB7F204EE4C300FE8578 /* PBXContainerItemProxy */ = {
			isa = PBXContainerItemProxy;
			containerPortal = 88BCAB6E204EE4C300FE8578 /* Alamofire.xcodeproj */;
			proxyType = 2;
			remoteGlobalIDString = F829C6B21A7A94F100A2CD59;
			remoteInfo = "Alamofire macOS Tests";
		};
		88BCAB81204EE4C300FE8578 /* PBXContainerItemProxy */ = {
			isa = PBXContainerItemProxy;
			containerPortal = 88BCAB6E204EE4C300FE8578 /* Alamofire.xcodeproj */;
			proxyType = 2;
			remoteGlobalIDString = 4CF626EF1BA7CB3E0011A099;
			remoteInfo = "Alamofire tvOS";
		};
		88BCAB83204EE4C300FE8578 /* PBXContainerItemProxy */ = {
			isa = PBXContainerItemProxy;
			containerPortal = 88BCAB6E204EE4C300FE8578 /* Alamofire.xcodeproj */;
			proxyType = 2;
			remoteGlobalIDString = 4CF626F81BA7CB3E0011A099;
			remoteInfo = "Alamofire tvOS Tests";
		};
		88BCAB85204EE4C300FE8578 /* PBXContainerItemProxy */ = {
			isa = PBXContainerItemProxy;
			containerPortal = 88BCAB6E204EE4C300FE8578 /* Alamofire.xcodeproj */;
			proxyType = 2;
			remoteGlobalIDString = E4202FE01B667AA100C997FB;
			remoteInfo = "Alamofire watchOS";
		};
		88BCAB89204EE4D000FE8578 /* PBXContainerItemProxy */ = {
			isa = PBXContainerItemProxy;
			containerPortal = 88BCAB6E204EE4C300FE8578 /* Alamofire.xcodeproj */;
			proxyType = 1;
			remoteGlobalIDString = F8111E3219A95C8B0040E7D1;
			remoteInfo = "Alamofire iOS";
		};
/* End PBXContainerItemProxy section */

/* Begin PBXCopyFilesBuildPhase section */
		88BCAB8B204EE4D000FE8578 /* Embed Frameworks */ = {
			isa = PBXCopyFilesBuildPhase;
			buildActionMask = 2147483647;
			dstPath = "";
			dstSubfolderSpec = 10;
			files = (
				88BCAB88204EE4D000FE8578 /* Alamofire.framework in Embed Frameworks */,
			);
			name = "Embed Frameworks";
			runOnlyForDeploymentPostprocessing = 0;
		};
/* End PBXCopyFilesBuildPhase section */

/* Begin PBXFileReference section */
		88BCAB6E204EE4C300FE8578 /* Alamofire.xcodeproj */ = {isa = PBXFileReference; lastKnownFileType = "wrapper.pb-project"; name = Alamofire.xcodeproj; path = "../Alamofire-master/Alamofire.xcodeproj"; sourceTree = "<group>"; };
		88BCAB8E204FCB5700FE8578 /* WebService.swift */ = {isa = PBXFileReference; lastKnownFileType = sourcecode.swift; path = WebService.swift; sourceTree = "<group>"; };
		88D1F51A204ED0A00020F129 /* CurrencyConverter.app */ = {isa = PBXFileReference; explicitFileType = wrapper.application; includeInIndex = 0; path = CurrencyConverter.app; sourceTree = BUILT_PRODUCTS_DIR; };
		88D1F51D204ED0A00020F129 /* AppDelegate.swift */ = {isa = PBXFileReference; lastKnownFileType = sourcecode.swift; path = AppDelegate.swift; sourceTree = "<group>"; };
		88D1F51F204ED0A00020F129 /* ViewController.swift */ = {isa = PBXFileReference; lastKnownFileType = sourcecode.swift; path = ViewController.swift; sourceTree = "<group>"; };
		88D1F522204ED0A00020F129 /* Base */ = {isa = PBXFileReference; lastKnownFileType = file.storyboard; name = Base; path = Base.lproj/Main.storyboard; sourceTree = "<group>"; };
		88D1F524204ED0A00020F129 /* Assets.xcassets */ = {isa = PBXFileReference; lastKnownFileType = folder.assetcatalog; path = Assets.xcassets; sourceTree = "<group>"; };
		88D1F527204ED0A00020F129 /* Base */ = {isa = PBXFileReference; lastKnownFileType = file.storyboard; name = Base; path = Base.lproj/LaunchScreen.storyboard; sourceTree = "<group>"; };
		88D1F529204ED0A00020F129 /* Info.plist */ = {isa = PBXFileReference; lastKnownFileType = text.plist.xml; path = Info.plist; sourceTree = "<group>"; };
		88D1F530204ED67F0020F129 /* CurrencyModel.swift */ = {isa = PBXFileReference; lastKnownFileType = sourcecode.swift; path = CurrencyModel.swift; sourceTree = "<group>"; };
/* End PBXFileReference section */

/* Begin PBXFrameworksBuildPhase section */
		88D1F517204ED0A00020F129 /* Frameworks */ = {
			isa = PBXFrameworksBuildPhase;
			buildActionMask = 2147483647;
			files = (
				88BCAB87204EE4D000FE8578 /* Alamofire.framework in Frameworks */,
			);
			runOnlyForDeploymentPostprocessing = 0;
		};
/* End PBXFrameworksBuildPhase section */

/* Begin PBXGroup section */
		88BCAB6F204EE4C300FE8578 /* Products */ = {
			isa = PBXGroup;
			children = (
				88BCAB7A204EE4C300FE8578 /* Alamofire.framework */,
				88BCAB7C204EE4C300FE8578 /* Alamofire iOS Tests.xctest */,
				88BCAB7E204EE4C300FE8578 /* Alamofire.framework */,
				88BCAB80204EE4C300FE8578 /* Alamofire macOS Tests.xctest */,
				88BCAB82204EE4C300FE8578 /* Alamofire.framework */,
				88BCAB84204EE4C300FE8578 /* Alamofire tvOS Tests.xctest */,
				88BCAB86204EE4C300FE8578 /* Alamofire.framework */,
			);
			name = Products;
			sourceTree = "<group>";
		};
		88D1F511204ED0A00020F129 = {
			isa = PBXGroup;
			children = (
				88BCAB6E204EE4C300FE8578 /* Alamofire.xcodeproj */,
				88D1F51C204ED0A00020F129 /* CurrencyConverter */,
				88D1F51B204ED0A00020F129 /* Products */,
			);
			sourceTree = "<group>";
		};
		88D1F51B204ED0A00020F129 /* Products */ = {
			isa = PBXGroup;
			children = (
				88D1F51A204ED0A00020F129 /* CurrencyConverter.app */,
			);
			name = Products;
			sourceTree = "<group>";
		};
		88D1F51C204ED0A00020F129 /* CurrencyConverter */ = {
			isa = PBXGroup;
			children = (
				88D1F52F204ED65E0020F129 /* Model */,
				88D1F51D204ED0A00020F129 /* AppDelegate.swift */,
				88D1F51F204ED0A00020F129 /* ViewController.swift */,
				88D1F521204ED0A00020F129 /* Main.storyboard */,
				88D1F524204ED0A00020F129 /* Assets.xcassets */,
				88D1F526204ED0A00020F129 /* LaunchScreen.storyboard */,
				88D1F529204ED0A00020F129 /* Info.plist */,
				88BCAB8E204FCB5700FE8578 /* WebService.swift */,
			);
			path = CurrencyConverter;
			sourceTree = "<group>";
		};
		88D1F52F204ED65E0020F129 /* Model */ = {
			isa = PBXGroup;
			children = (
				88D1F530204ED67F0020F129 /* CurrencyModel.swift */,
			);
			path = Model;
			sourceTree = "<group>";
		};
/* End PBXGroup section */

/* Begin PBXNativeTarget section */
		88D1F519204ED0A00020F129 /* CurrencyConverter */ = {
			isa = PBXNativeTarget;
			buildConfigurationList = 88D1F52C204ED0A00020F129 /* Build configuration list for PBXNativeTarget "CurrencyConverter" */;
			buildPhases = (
				88D1F516204ED0A00020F129 /* Sources */,
				88D1F517204ED0A00020F129 /* Frameworks */,
				88D1F518204ED0A00020F129 /* Resources */,
				88BCAB8B204EE4D000FE8578 /* Embed Frameworks */,
			);
			buildRules = (
			);
			dependencies = (
				88BCAB8A204EE4D000FE8578 /* PBXTargetDependency */,
			);
			name = CurrencyConverter;
			productName = CurrencyConverter;
			productReference = 88D1F51A204ED0A00020F129 /* CurrencyConverter.app */;
			productType = "com.apple.product-type.application";
		};
/* End PBXNativeTarget section */

/* Begin PBXProject section */
		88D1F512204ED0A00020F129 /* Project object */ = {
			isa = PBXProject;
			attributes = {
				LastSwiftUpdateCheck = 0920;
				LastUpgradeCheck = 0920;
				ORGANIZATIONNAME = Nikhil;
				TargetAttributes = {
					88D1F519204ED0A00020F129 = {
						CreatedOnToolsVersion = 9.2;
						ProvisioningStyle = Automatic;
					};
				};
			};
			buildConfigurationList = 88D1F515204ED0A00020F129 /* Build configuration list for PBXProject "CurrencyConverter" */;
			compatibilityVersion = "Xcode 8.0";
			developmentRegion = en;
			hasScannedForEncodings = 0;
			knownRegions = (
				en,
				Base,
			);
			mainGroup = 88D1F511204ED0A00020F129;
			productRefGroup = 88D1F51B204ED0A00020F129 /* Products */;
			projectDirPath = "";
			projectReferences = (
				{
					ProductGroup = 88BCAB6F204EE4C300FE8578 /* Products */;
					ProjectRef = 88BCAB6E204EE4C300FE8578 /* Alamofire.xcodeproj */;
				},
			);
			projectRoot = "";
			targets = (
				88D1F519204ED0A00020F129 /* CurrencyConverter */,
			);
		};
/* End PBXProject section */

/* Begin PBXReferenceProxy section */
		88BCAB7A204EE4C300FE8578 /* Alamofire.framework */ = {
			isa = PBXReferenceProxy;
			fileType = wrapper.framework;
			path = Alamofire.framework;
			remoteRef = 88BCAB79204EE4C300FE8578 /* PBXContainerItemProxy */;
			sourceTree = BUILT_PRODUCTS_DIR;
		};
		88BCAB7C204EE4C300FE8578 /* Alamofire iOS Tests.xctest */ = {
			isa = PBXReferenceProxy;
			fileType = wrapper.cfbundle;
			path = "Alamofire iOS Tests.xctest";
			remoteRef = 88BCAB7B204EE4C300FE8578 /* PBXContainerItemProxy */;
			sourceTree = BUILT_PRODUCTS_DIR;
		};
		88BCAB7E204EE4C300FE8578 /* Alamofire.framework */ = {
			isa = PBXReferenceProxy;
			fileType = wrapper.framework;
			path = Alamofire.framework;
			remoteRef = 88BCAB7D204EE4C300FE8578 /* PBXContainerItemProxy */;
			sourceTree = BUILT_PRODUCTS_DIR;
		};
		88BCAB80204EE4C300FE8578 /* Alamofire macOS Tests.xctest */ = {
			isa = PBXReferenceProxy;
			fileType = wrapper.cfbundle;
			path = "Alamofire macOS Tests.xctest";
			remoteRef = 88BCAB7F204EE4C300FE8578 /* PBXContainerItemProxy */;
			sourceTree = BUILT_PRODUCTS_DIR;
		};
		88BCAB82204EE4C300FE8578 /* Alamofire.framework */ = {
			isa = PBXReferenceProxy;
			fileType = wrapper.framework;
			path = Alamofire.framework;
			remoteRef = 88BCAB81204EE4C300FE8578 /* PBXContainerItemProxy */;
			sourceTree = BUILT_PRODUCTS_DIR;
		};
		88BCAB84204EE4C300FE8578 /* Alamofire tvOS Tests.xctest */ = {
			isa = PBXReferenceProxy;
			fileType = wrapper.cfbundle;
			path = "Alamofire tvOS Tests.xctest";
			remoteRef = 88BCAB83204EE4C300FE8578 /* PBXContainerItemProxy */;
			sourceTree = BUILT_PRODUCTS_DIR;
		};
		88BCAB86204EE4C300FE8578 /* Alamofire.framework */ = {
			isa = PBXReferenceProxy;
			fileType = wrapper.framework;
			path = Alamofire.framework;
			remoteRef = 88BCAB85204EE4C300FE8578 /* PBXContainerItemProxy */;
			sourceTree = BUILT_PRODUCTS_DIR;
		};
/* End PBXReferenceProxy section */

/* Begin PBXResourcesBuildPhase section */
		88D1F518204ED0A00020F129 /* Resources */ = {
			isa = PBXResourcesBuildPhase;
			buildActionMask = 2147483647;
			files = (
				88D1F528204ED0A00020F129 /* LaunchScreen.storyboard in Resources */,
				88D1F525204ED0A00020F129 /* Assets.xcassets in Resources */,
				88D1F523204ED0A00020F129 /* Main.storyboard in Resources */,
			);
			runOnlyForDeploymentPostprocessing = 0;
		};
/* End PBXResourcesBuildPhase section */

/* Begin PBXSourcesBuildPhase section */
		88D1F516204ED0A00020F129 /* Sources */ = {
			isa = PBXSourcesBuildPhase;
			buildActionMask = 2147483647;
			files = (
				88D1F520204ED0A00020F129 /* ViewController.swift in Sources */,
				88D1F51E204ED0A00020F129 /* AppDelegate.swift in Sources */,
				88BCAB8F204FCB5700FE8578 /* WebService.swift in Sources */,
				88D1F531204ED67F0020F129 /* CurrencyModel.swift in Sources */,
			);
			runOnlyForDeploymentPostprocessing = 0;
		};
/* End PBXSourcesBuildPhase section */

/* Begin PBXTargetDependency section */
		88BCAB8A204EE4D000FE8578 /* PBXTargetDependency */ = {
			isa = PBXTargetDependency;
			name = "Alamofire iOS";
			targetProxy = 88BCAB89204EE4D000FE8578 /* PBXContainerItemProxy */;
		};
/* End PBXTargetDependency section */

/* Begin PBXVariantGroup section */
		88D1F521204ED0A00020F129 /* Main.storyboard */ = {
			isa = PBXVariantGroup;
			children = (
				88D1F522204ED0A00020F129 /* Base */,
			);
			name = Main.storyboard;
			sourceTree = "<group>";
		};
		88D1F526204ED0A00020F129 /* LaunchScreen.storyboard */ = {
			isa = PBXVariantGroup;
			children = (
				88D1F527204ED0A00020F129 /* Base */,
			);
			name = LaunchScreen.storyboard;
			sourceTree = "<group>";
		};
/* End PBXVariantGroup section */

/* Begin XCBuildConfiguration section */
		88D1F52A204ED0A00020F129 /* Debug */ = {
			isa = XCBuildConfiguration;
			buildSettings = {
				ALWAYS_SEARCH_USER_PATHS = NO;
				CLANG_ANALYZER_NONNULL = YES;
				CLANG_ANALYZER_NUMBER_OBJECT_CONVERSION = YES_AGGRESSIVE;
				CLANG_CXX_LANGUAGE_STANDARD = "gnu++14";
				CLANG_CXX_LIBRARY = "libc++";
				CLANG_ENABLE_MODULES = YES;
				CLANG_ENABLE_OBJC_ARC = YES;
				CLANG_WARN_BLOCK_CAPTURE_AUTORELEASING = YES;
				CLANG_WARN_BOOL_CONVERSION = YES;
				CLANG_WARN_COMMA = YES;
				CLANG_WARN_CONSTANT_CONVERSION = YES;
				CLANG_WARN_DIRECT_OBJC_ISA_USAGE = YES_ERROR;
				CLANG_WARN_DOCUMENTATION_COMMENTS = YES;
				CLANG_WARN_EMPTY_BODY = YES;
				CLANG_WARN_ENUM_CONVERSION = YES;
				CLANG_WARN_INFINITE_RECURSION = YES;
				CLANG_WARN_INT_CONVERSION = YES;
				CLANG_WARN_NON_LITERAL_NULL_CONVERSION = YES;
				CLANG_WARN_OBJC_LITERAL_CONVERSION = YES;
				CLANG_WARN_OBJC_ROOT_CLASS = YES_ERROR;
				CLANG_WARN_RANGE_LOOP_ANALYSIS = YES;
				CLANG_WARN_STRICT_PROTOTYPES = YES;
				CLANG_WARN_SUSPICIOUS_MOVE = YES;
				CLANG_WARN_UNGUARDED_AVAILABILITY = YES_AGGRESSIVE;
				CLANG_WARN_UNREACHABLE_CODE = YES;
				CLANG_WARN__DUPLICATE_METHOD_MATCH = YES;
				CODE_SIGN_IDENTITY = "iPhone Developer";
				COPY_PHASE_STRIP = NO;
				DEBUG_INFORMATION_FORMAT = dwarf;
				ENABLE_STRICT_OBJC_MSGSEND = YES;
				ENABLE_TESTABILITY = YES;
				GCC_C_LANGUAGE_STANDARD = gnu11;
				GCC_DYNAMIC_NO_PIC = NO;
				GCC_NO_COMMON_BLOCKS = YES;
				GCC_OPTIMIZATION_LEVEL = 0;
				GCC_PREPROCESSOR_DEFINITIONS = (
					"DEBUG=1",
					"$(inherited)",
				);
				GCC_WARN_64_TO_32_BIT_CONVERSION = YES;
				GCC_WARN_ABOUT_RETURN_TYPE = YES_ERROR;
				GCC_WARN_UNDECLARED_SELECTOR = YES;
				GCC_WARN_UNINITIALIZED_AUTOS = YES_AGGRESSIVE;
				GCC_WARN_UNUSED_FUNCTION = YES;
				GCC_WARN_UNUSED_VARIABLE = YES;
				IPHONEOS_DEPLOYMENT_TARGET = 11.2;
				MTL_ENABLE_DEBUG_INFO = YES;
				ONLY_ACTIVE_ARCH = YES;
				SDKROOT = iphoneos;
				SWIFT_ACTIVE_COMPILATION_CONDITIONS = DEBUG;
				SWIFT_OPTIMIZATION_LEVEL = "-Onone";
			};
			name = Debug;
		};
		88D1F52B204ED0A00020F129 /* Release */ = {
			isa = XCBuildConfiguration;
			buildSettings = {
				ALWAYS_SEARCH_USER_PATHS = NO;
				CLANG_ANALYZER_NONNULL = YES;
				CLANG_ANALYZER_NUMBER_OBJECT_CONVERSION = YES_AGGRESSIVE;
				CLANG_CXX_LANGUAGE_STANDARD = "gnu++14";
				CLANG_CXX_LIBRARY = "libc++";
				CLANG_ENABLE_MODULES = YES;
				CLANG_ENABLE_OBJC_ARC = YES;
				CLANG_WARN_BLOCK_CAPTURE_AUTORELEASING = YES;
				CLANG_WARN_BOOL_CONVERSION = YES;
				CLANG_WARN_COMMA = YES;
				CLANG_WARN_CONSTANT_CONVERSION = YES;
				CLANG_WARN_DIRECT_OBJC_ISA_USAGE = YES_ERROR;
				CLANG_WARN_DOCUMENTATION_COMMENTS = YES;
				CLANG_WARN_EMPTY_BODY = YES;
				CLANG_WARN_ENUM_CONVERSION = YES;
				CLANG_WARN_INFINITE_RECURSION = YES;
				CLANG_WARN_INT_CONVERSION = YES;
				CLANG_WARN_NON_LITERAL_NULL_CONVERSION = YES;
				CLANG_WARN_OBJC_LITERAL_CONVERSION = YES;
				CLANG_WARN_OBJC_ROOT_CLASS = YES_ERROR;
				CLANG_WARN_RANGE_LOOP_ANALYSIS = YES;
				CLANG_WARN_STRICT_PROTOTYPES = YES;
				CLANG_WARN_SUSPICIOUS_MOVE = YES;
				CLANG_WARN_UNGUARDED_AVAILABILITY = YES_AGGRESSIVE;
				CLANG_WARN_UNREACHABLE_CODE = YES;
				CLANG_WARN__DUPLICATE_METHOD_MATCH = YES;
				CODE_SIGN_IDENTITY = "iPhone Developer";
				COPY_PHASE_STRIP = NO;
				DEBUG_INFORMATION_FORMAT = "dwarf-with-dsym";
				ENABLE_NS_ASSERTIONS = NO;
				ENABLE_STRICT_OBJC_MSGSEND = YES;
				GCC_C_LANGUAGE_STANDARD = gnu11;
				GCC_NO_COMMON_BLOCKS = YES;
				GCC_WARN_64_TO_32_BIT_CONVERSION = YES;
				GCC_WARN_ABOUT_RETURN_TYPE = YES_ERROR;
				GCC_WARN_UNDECLARED_SELECTOR = YES;
				GCC_WARN_UNINITIALIZED_AUTOS = YES_AGGRESSIVE;
				GCC_WARN_UNUSED_FUNCTION = YES;
				GCC_WARN_UNUSED_VARIABLE = YES;
				IPHONEOS_DEPLOYMENT_TARGET = 11.2;
				MTL_ENABLE_DEBUG_INFO = NO;
				SDKROOT = iphoneos;
				SWIFT_OPTIMIZATION_LEVEL = "-Owholemodule";
				VALIDATE_PRODUCT = YES;
			};
			name = Release;
		};
		88D1F52D204ED0A00020F129 /* Debug */ = {
			isa = XCBuildConfiguration;
			buildSettings = {
				ALWAYS_EMBED_SWIFT_STANDARD_LIBRARIES = YES;
				ASSETCATALOG_COMPILER_APPICON_NAME = AppIcon;
				CODE_SIGN_STYLE = Automatic;
				INFOPLIST_FILE = CurrencyConverter/Info.plist;
				IPHONEOS_DEPLOYMENT_TARGET = 10.2;
				LD_RUNPATH_SEARCH_PATHS = "$(inherited) @executable_path/Frameworks";
				PRODUCT_BUNDLE_IDENTIFIER = com.synechron.CurrencyConverter;
				PRODUCT_NAME = "$(TARGET_NAME)";
				SWIFT_VERSION = 4.0;
				TARGETED_DEVICE_FAMILY = "1,2";
			};
			name = Debug;
		};
		88D1F52E204ED0A00020F129 /* Release */ = {
			isa = XCBuildConfiguration;
			buildSettings = {
				ALWAYS_EMBED_SWIFT_STANDARD_LIBRARIES = YES;
				ASSETCATALOG_COMPILER_APPICON_NAME = AppIcon;
				CODE_SIGN_STYLE = Automatic;
				INFOPLIST_FILE = CurrencyConverter/Info.plist;
				IPHONEOS_DEPLOYMENT_TARGET = 10.2;
				LD_RUNPATH_SEARCH_PATHS = "$(inherited) @executable_path/Frameworks";
				PRODUCT_BUNDLE_IDENTIFIER = com.synechron.CurrencyConverter;
				PRODUCT_NAME = "$(TARGET_NAME)";
				SWIFT_VERSION = 4.0;
				TARGETED_DEVICE_FAMILY = "1,2";
			};
			name = Release;
		};
/* End XCBuildConfiguration section */

/* Begin XCConfigurationList section */
		88D1F515204ED0A00020F129 /* Build configuration list for PBXProject "CurrencyConverter" */ = {
			isa = XCConfigurationList;
			buildConfigurations = (
				88D1F52A204ED0A00020F129 /* Debug */,
				88D1F52B204ED0A00020F129 /* Release */,
			);
			defaultConfigurationIsVisible = 0;
			defaultConfigurationName = Release;
		};
		88D1F52C204ED0A00020F129 /* Build configuration list for PBXNativeTarget "CurrencyConverter" */ = {
			isa = XCConfigurationList;
			buildConfigurations = (
				88D1F52D204ED0A00020F129 /* Debug */,
				88D1F52E204ED0A00020F129 /* Release */,
			);
			defaultConfigurationIsVisible = 0;
			defaultConfigurationName = Release;
		};
/* End XCConfigurationList section */
	};
	rootObject = 88D1F512204ED0A00020F129 /* Project object */;
}
